# This file is autogenerated, do not edit; changes may be undone by the next 'dep ensure'.


[[projects]]
  branch = "master"
  name = "github.com/matryer/is"
  packages = ["."]
  revision = "ddfea1427ac856b36d12518423447a1aedbb07ee"

[[projects]]
  name = "github.com/pkg/errors"
  packages = ["."]
  revision = "645ef00459ed84a119197bfb8d8205042c6df63d"
  version = "v0.8.0"

[solve-meta]
  analyzer-name = "dep"
  analyzer-version = 1
  inputs-digest = "a1099601bfdf0ef68bcdac40fcf67e165c5947e396fa557ec8dcddeec28c1e2a"
  solver-name = "gps-cdcl"
  solver-version = 1
